
Microsoft Visual Studio Solution File, Format Version 12.00
# Visual Studio Version 16
VisualStudioVersion = 16.0.29806.167
MinimumVisualStudioVersion = 10.0.40219.1
Project("{FAE04EC0-301F-11D3-BF4B-00C04F79EFBC}") = "VersiebeheerPATOP3", "VersiebeheerPATOP3\VersiebeheerPATOP3.csproj", "{4A4FD25F-394E-4634-97A8-7EC08256571D}"
EndProject
Global
	GlobalSection(SolutionConfigurationPlatforms) = preSolution
		Debug|Any CPU = Debug|Any CPU
		Release|Any CPU = Release|Any CPU
	EndGlobalSection
	GlobalSection(ProjectConfigurationPlatforms) = postSolution
		{4A4FD25F-394E-4634-97A8-7EC08256571D}.Debug|Any CPU.ActiveCfg = Debug|Any CPU
		{4A4FD25F-394E-4634-97A8-7EC08256571D}.Debug|Any CPU.Build.0 = Debug|Any CPU
		{4A4FD25F-394E-4634-97A8-7EC08256571D}.Release|Any CPU.ActiveCfg = Release|Any CPU
		{4A4FD25F-394E-4634-97A8-7EC08256571D}.Release|Any CPU.Build.0 = Release|Any CPU
	EndGlobalSection
	GlobalSection(SolutionProperties) = preSolution
		HideSolutionNode = FALSE
	EndGlobalSection
	GlobalSection(ExtensibilityGlobals) = postSolution
		SolutionGuid = {4A40F4E9-D4D0-4745-8101-FE8A4CC621F3}
	EndGlobalSection
EndGlobal
